{
  "originHash" : "ee3c61c9f3e6353a382917a8ac76df606123b18870fbe999352830957ebfebf1",
  "pins" : [
    {
      "identity" : "qrcode",
      "kind" : "remoteSourceControl",
      "location" : "https://github.com/WalletConnect/QRCode",
      "state" : {
        "revision" : "263f280d2c8144adfb0b6676109846cfc8dd552b",
        "version" : "14.3.1"
      }
    },
    {
      "identity" : "reown-swift",
      "kind" : "remoteSourceControl",
      "location" : "https://github.com/reown-com/reown-swift.git",
      "state" : {
        "revision" : "968a82d440e51c4de18857928b60a03d36af7a2a",
        "version" : "2.3.1"
      }
    },
    {
      "identity" : "swift-qrcode-generator",
      "kind" : "remoteSourceControl",
      "location" : "https://github.com/dagronf/swift-qrcode-generator",
      "state" : {
        "revision" : "5ca09b6a2ad190f94aa3d6ddef45b187f8c0343b",
        "version" : "1.0.3"
      }
    },
    {
      "identity" : "swiftimagereadwrite",
      "kind" : "remoteSourceControl",
      "location" : "https://github.com/dagronf/SwiftImageReadWrite",
      "state" : {
        "revision" : "5596407d1cf61b953b8e658fa8636a471df3c509",
        "version" : "1.1.6"
      }
    },
    {
      "identity" : "wallet-mobile-sdk",
      "kind" : "remoteSourceControl",
      "location" : "https://github.com/MobileWalletProtocol/wallet-mobile-sdk",
      "state" : {
        "revision" : "4293df51d3500b8e876ca4bf0d7548adf097569a",
        "version" : "1.1.2"
      }
    },
    {
      "identity" : "yttrium",
      "kind" : "remoteSourceControl",
      "location" : "https://github.com/reown-com/yttrium",
      "state" : {
        "revision" : "e2175fd8456599f18acc7e9a7bf29d5d534f7232",
        "version" : "0.10.57"
      }
    }
  ],
  "version" : 3
}
